
Microsoft Visual Studio Solution File, Format Version 12.00
Project("{FAE04EC0-301F-11D3-BF4B-00C04F79EFBC}") = "Last.Discord RPC", "Last.Discord RPC\Last.Discord RPC.csproj", "{AA657FB2-FE78-4FCA-B745-9E611A83A916}"
EndProject
Global
	GlobalSection(SolutionConfigurationPlatforms) = preSolution
		Debug|Any CPU = Debug|Any CPU
		Release|Any CPU = Release|Any CPU
	EndGlobalSection
	GlobalSection(ProjectConfigurationPlatforms) = postSolution
		{AA657FB2-FE78-4FCA-B745-9E611A83A916}.Debug|Any CPU.ActiveCfg = Debug|Any CPU
		{AA657FB2-FE78-4FCA-B745-9E611A83A916}.Debug|Any CPU.Build.0 = Debug|Any CPU
		{AA657FB2-FE78-4FCA-B745-9E611A83A916}.Release|Any CPU.ActiveCfg = Release|Any CPU
		{AA657FB2-FE78-4FCA-B745-9E611A83A916}.Release|Any CPU.Build.0 = Release|Any CPU
	EndGlobalSection
EndGlobal
